
Microsoft Visual Studio Solution File, Format Version 11.00
# Visual Studio 2010
Project("{F184B08F-C81C-45F6-A57F-5ABD9991F28F}") = "HosPat", "HosPat\HosPat.vbproj", "{BDD82A98-9F24-4C7F-891B-1806E3E9E0F8}"
EndProject
Global
	GlobalSection(SolutionConfigurationPlatforms) = preSolution
		Debug|x86 = Debug|x86
		Release|x86 = Release|x86
	EndGlobalSection
	GlobalSection(ProjectConfigurationPlatforms) = postSolution
		{BDD82A98-9F24-4C7F-891B-1806E3E9E0F8}.Debug|x86.ActiveCfg = Debug|x86
		{BDD82A98-9F24-4C7F-891B-1806E3E9E0F8}.Debug|x86.Build.0 = Debug|x86
		{BDD82A98-9F24-4C7F-891B-1806E3E9E0F8}.Release|x86.ActiveCfg = Release|x86
		{BDD82A98-9F24-4C7F-891B-1806E3E9E0F8}.Release|x86.Build.0 = Release|x86
	EndGlobalSection
	GlobalSection(SolutionProperties) = preSolution
		HideSolutionNode = FALSE
	EndGlobalSection
EndGlobal
