
Microsoft Visual Studio Solution File, Format Version 10.00
# Visual Studio 2008
Project("{FAE04EC0-301F-11D3-BF4B-00C04F79EFBC}") = "GymSys", "GymSys\GymSys.csproj", "{47348E44-90F9-4D21-90D8-0EF6AD4EC7CB}"
EndProject
Global
	GlobalSection(SolutionConfigurationPlatforms) = preSolution
		Debug|Any CPU = Debug|Any CPU
		Release|Any CPU = Release|Any CPU
	EndGlobalSection
	GlobalSection(ProjectConfigurationPlatforms) = postSolution
		{47348E44-90F9-4D21-90D8-0EF6AD4EC7CB}.Debug|Any CPU.ActiveCfg = Debug|Any CPU
		{47348E44-90F9-4D21-90D8-0EF6AD4EC7CB}.Debug|Any CPU.Build.0 = Debug|Any CPU
		{47348E44-90F9-4D21-90D8-0EF6AD4EC7CB}.Release|Any CPU.ActiveCfg = Release|Any CPU
		{47348E44-90F9-4D21-90D8-0EF6AD4EC7CB}.Release|Any CPU.Build.0 = Release|Any CPU
	EndGlobalSection
	GlobalSection(SolutionProperties) = preSolution
		HideSolutionNode = FALSE
	EndGlobalSection
EndGlobal
