
Microsoft Visual Studio Solution File, Format Version 11.00
# Visual Studio 2010
Project("{FAE04EC0-301F-11D3-BF4B-00C04F79EFBC}") = "StoreAccount", "StoreAccount\StoreAccount.csproj", "{7DCCAD4E-9ADA-4588-AA91-A86F583F2996}"
EndProject
Project("{54435603-DBB4-11D2-8724-00A0C9A8B90C}") = "StoreAccount Setup", "StoreAccount Setup\StoreAccount Setup.vdproj", "{6CA91EF0-9F37-4BD2-A6CF-D39FCDFBB351}"
EndProject
Global
	GlobalSection(SolutionConfigurationPlatforms) = preSolution
		Debug|x86 = Debug|x86
		Release|x86 = Release|x86
	EndGlobalSection
	GlobalSection(ProjectConfigurationPlatforms) = postSolution
		{7DCCAD4E-9ADA-4588-AA91-A86F583F2996}.Debug|x86.ActiveCfg = Debug|x86
		{7DCCAD4E-9ADA-4588-AA91-A86F583F2996}.Debug|x86.Build.0 = Debug|x86
		{7DCCAD4E-9ADA-4588-AA91-A86F583F2996}.Release|x86.ActiveCfg = Release|x86
		{7DCCAD4E-9ADA-4588-AA91-A86F583F2996}.Release|x86.Build.0 = Release|x86
		{6CA91EF0-9F37-4BD2-A6CF-D39FCDFBB351}.Debug|x86.ActiveCfg = Debug
		{6CA91EF0-9F37-4BD2-A6CF-D39FCDFBB351}.Release|x86.ActiveCfg = Release
	EndGlobalSection
	GlobalSection(SolutionProperties) = preSolution
		HideSolutionNode = FALSE
	EndGlobalSection
EndGlobal
