
Microsoft Visual Studio Solution File, Format Version 11.00
# Visual Studio 2010
Project("{D2ABAB84-BF74-430A-B69E-9DC6D40DDA17}") = "IC_DBMultidimensional", "IC_DBMultidimensional\IC_DBMultidimensional.dwproj", "{CE4B6D55-3C0A-4326-A0A9-1E434F5FCBE9}"
EndProject
Global
	GlobalSection(SolutionConfigurationPlatforms) = preSolution
		Development|Default = Development|Default
	EndGlobalSection
	GlobalSection(ProjectConfigurationPlatforms) = postSolution
		{CE4B6D55-3C0A-4326-A0A9-1E434F5FCBE9}.Development|Default.ActiveCfg = Development
		{CE4B6D55-3C0A-4326-A0A9-1E434F5FCBE9}.Development|Default.Build.0 = Development
		{CE4B6D55-3C0A-4326-A0A9-1E434F5FCBE9}.Development|Default.Deploy.0 = Development
	EndGlobalSection
	GlobalSection(SolutionProperties) = preSolution
		HideSolutionNode = FALSE
	EndGlobalSection
EndGlobal
