
Microsoft Visual Studio Solution File, Format Version 10.00
# Visual Studio 2008
Project("{F14B399A-7131-4C87-9E4B-1186C45EF12D}") = "EmployeeReports", "SSRS Projects\EmployeeReports\EmployeeReports.rptproj", "{94E7D2B5-DFB9-419B-9DAA-C8BCDD4DCD53}"
EndProject
Global
	GlobalSection(SolutionConfigurationPlatforms) = preSolution
		Debug|Default = Debug|Default
		DebugLocal|Default = DebugLocal|Default
		Release|Default = Release|Default
	EndGlobalSection
	GlobalSection(ProjectConfigurationPlatforms) = postSolution
		{94E7D2B5-DFB9-419B-9DAA-C8BCDD4DCD53}.Debug|Default.ActiveCfg = DebugLocal
		{94E7D2B5-DFB9-419B-9DAA-C8BCDD4DCD53}.Debug|Default.Build.0 = DebugLocal
		{94E7D2B5-DFB9-419B-9DAA-C8BCDD4DCD53}.Debug|Default.Deploy.0 = DebugLocal
		{94E7D2B5-DFB9-419B-9DAA-C8BCDD4DCD53}.DebugLocal|Default.ActiveCfg = DebugLocal
		{94E7D2B5-DFB9-419B-9DAA-C8BCDD4DCD53}.DebugLocal|Default.Build.0 = DebugLocal
		{94E7D2B5-DFB9-419B-9DAA-C8BCDD4DCD53}.DebugLocal|Default.Deploy.0 = DebugLocal
		{94E7D2B5-DFB9-419B-9DAA-C8BCDD4DCD53}.Release|Default.ActiveCfg = Release
		{94E7D2B5-DFB9-419B-9DAA-C8BCDD4DCD53}.Release|Default.Build.0 = Release
		{94E7D2B5-DFB9-419B-9DAA-C8BCDD4DCD53}.Release|Default.Deploy.0 = Release
	EndGlobalSection
	GlobalSection(SolutionProperties) = preSolution
		HideSolutionNode = FALSE
	EndGlobalSection
EndGlobal
