
Microsoft Visual Studio Solution File, Format Version 10.00
# Visual Studio 2008
Project("{F14B399A-7131-4C87-9E4B-1186C45EF12D}") = "empClub", "empClub\empClub.rptproj", "{6F92E826-C118-48BF-B3DF-03F05CBD6E06}"
EndProject
Global
	GlobalSection(SolutionConfigurationPlatforms) = preSolution
		Debug|Default = Debug|Default
		DebugLocal|Default = DebugLocal|Default
		Release|Default = Release|Default
	EndGlobalSection
	GlobalSection(ProjectConfigurationPlatforms) = postSolution
		{6F92E826-C118-48BF-B3DF-03F05CBD6E06}.Debug|Default.ActiveCfg = Debug
		{6F92E826-C118-48BF-B3DF-03F05CBD6E06}.Debug|Default.Build.0 = DebugLocal
		{6F92E826-C118-48BF-B3DF-03F05CBD6E06}.Debug|Default.Deploy.0 = DebugLocal
		{6F92E826-C118-48BF-B3DF-03F05CBD6E06}.DebugLocal|Default.ActiveCfg = DebugLocal
		{6F92E826-C118-48BF-B3DF-03F05CBD6E06}.DebugLocal|Default.Build.0 = DebugLocal
		{6F92E826-C118-48BF-B3DF-03F05CBD6E06}.Release|Default.ActiveCfg = Release
		{6F92E826-C118-48BF-B3DF-03F05CBD6E06}.Release|Default.Build.0 = Release
		{6F92E826-C118-48BF-B3DF-03F05CBD6E06}.Release|Default.Deploy.0 = Release
	EndGlobalSection
	GlobalSection(SolutionProperties) = preSolution
		HideSolutionNode = FALSE
	EndGlobalSection
EndGlobal
